
Microsoft Visual Studio Solution File, Format Version 12.00
# Visual Studio Version 16
VisualStudioVersion = 16.0.32228.343
MinimumVisualStudioVersion = 10.0.40219.1
Project("{8BC9CEB8-8B4A-11D0-8D11-00A0C91BC942}") = "test.2022.8.21", "test.2022.8.21\test.2022.8.21.vcxproj", "{46C46116-4350-4618-A4B6-FA851B65618E}"
EndProject
Global
	GlobalSection(SolutionConfigurationPlatforms) = preSolution
		Debug|x64 = Debug|x64
		Debug|x86 = Debug|x86
		Release|x64 = Release|x64
		Release|x86 = Release|x86
	EndGlobalSection
	GlobalSection(ProjectConfigurationPlatforms) = postSolution
		{46C46116-4350-4618-A4B6-FA851B65618E}.Debug|x64.ActiveCfg = Debug|x64
		{46C46116-4350-4618-A4B6-FA851B65618E}.Debug|x64.Build.0 = Debug|x64
		{46C46116-4350-4618-A4B6-FA851B65618E}.Debug|x86.ActiveCfg = Debug|Win32
		{46C46116-4350-4618-A4B6-FA851B65618E}.Debug|x86.Build.0 = Debug|Win32
		{46C46116-4350-4618-A4B6-FA851B65618E}.Release|x64.ActiveCfg = Release|x64
		{46C46116-4350-4618-A4B6-FA851B65618E}.Release|x64.Build.0 = Release|x64
		{46C46116-4350-4618-A4B6-FA851B65618E}.Release|x86.ActiveCfg = Release|Win32
		{46C46116-4350-4618-A4B6-FA851B65618E}.Release|x86.Build.0 = Release|Win32
	EndGlobalSection
	GlobalSection(SolutionProperties) = preSolution
		HideSolutionNode = FALSE
	EndGlobalSection
	GlobalSection(ExtensibilityGlobals) = postSolution
		SolutionGuid = {E46C3F86-0A60-456B-B8C7-31635B0AEEC9}
	EndGlobalSection
EndGlobal
